
Microsoft Visual Studio Solution File, Format Version 12.00
# Visual Studio Version 17
VisualStudioVersion = 17.14.36518.9
MinimumVisualStudioVersion = 10.0.40219.1
Project("{FAE04EC0-301F-11D3-BF4B-00C04F79EFBC}") = "UnitTests", "App\UnitTests\UnitTests.csproj", "{26FB9C32-1958-8D3A-20C8-61183F8588F5}"
EndProject
Project("{FAE04EC0-301F-11D3-BF4B-00C04F79EFBC}") = "BuisnessLogic", "App\BuisnessLogic\BuisnessLogic.csproj", "{4D102CE3-4692-D817-9901-91BD55231C1B}"
EndProject
Project("{FAE04EC0-301F-11D3-BF4B-00C04F79EFBC}") = "Data", "App\Data\Data.csproj", "{488F2842-B479-AC56-6CB3-649FE6AF74CF}"
EndProject
Project("{FAE04EC0-301F-11D3-BF4B-00C04F79EFBC}") = "CodeGenerator", "App\CodeGenerator\CodeGenerator.csproj", "{AA7A1CFA-348D-AD38-1DA0-E8C8F89B2E6C}"
EndProject
Project("{FAE04EC0-301F-11D3-BF4B-00C04F79EFBC}") = "WebApi", "App\WebApi\WebApi.csproj", "{321A4AB7-D8CC-48EB-880D-CE0E2980844A}"
EndProject
Global
	GlobalSection(SolutionConfigurationPlatforms) = preSolution
		Debug|Any CPU = Debug|Any CPU
		Release|Any CPU = Release|Any CPU
	EndGlobalSection
	GlobalSection(ProjectConfigurationPlatforms) = postSolution
		{26FB9C32-1958-8D3A-20C8-61183F8588F5}.Debug|Any CPU.ActiveCfg = Debug|Any CPU
		{26FB9C32-1958-8D3A-20C8-61183F8588F5}.Debug|Any CPU.Build.0 = Debug|Any CPU
		{26FB9C32-1958-8D3A-20C8-61183F8588F5}.Release|Any CPU.ActiveCfg = Release|Any CPU
		{26FB9C32-1958-8D3A-20C8-61183F8588F5}.Release|Any CPU.Build.0 = Release|Any CPU
		{4D102CE3-4692-D817-9901-91BD55231C1B}.Debug|Any CPU.ActiveCfg = Debug|Any CPU
		{4D102CE3-4692-D817-9901-91BD55231C1B}.Debug|Any CPU.Build.0 = Debug|Any CPU
		{4D102CE3-4692-D817-9901-91BD55231C1B}.Release|Any CPU.ActiveCfg = Release|Any CPU
		{4D102CE3-4692-D817-9901-91BD55231C1B}.Release|Any CPU.Build.0 = Release|Any CPU
		{488F2842-B479-AC56-6CB3-649FE6AF74CF}.Debug|Any CPU.ActiveCfg = Debug|Any CPU
		{488F2842-B479-AC56-6CB3-649FE6AF74CF}.Debug|Any CPU.Build.0 = Debug|Any CPU
		{488F2842-B479-AC56-6CB3-649FE6AF74CF}.Release|Any CPU.ActiveCfg = Release|Any CPU
		{488F2842-B479-AC56-6CB3-649FE6AF74CF}.Release|Any CPU.Build.0 = Release|Any CPU
		{AA7A1CFA-348D-AD38-1DA0-E8C8F89B2E6C}.Debug|Any CPU.ActiveCfg = Debug|Any CPU
		{AA7A1CFA-348D-AD38-1DA0-E8C8F89B2E6C}.Debug|Any CPU.Build.0 = Debug|Any CPU
		{AA7A1CFA-348D-AD38-1DA0-E8C8F89B2E6C}.Release|Any CPU.ActiveCfg = Release|Any CPU
		{AA7A1CFA-348D-AD38-1DA0-E8C8F89B2E6C}.Release|Any CPU.Build.0 = Release|Any CPU
		{321A4AB7-D8CC-48EB-880D-CE0E2980844A}.Debug|Any CPU.ActiveCfg = Debug|Any CPU
		{321A4AB7-D8CC-48EB-880D-CE0E2980844A}.Debug|Any CPU.Build.0 = Debug|Any CPU
		{321A4AB7-D8CC-48EB-880D-CE0E2980844A}.Release|Any CPU.ActiveCfg = Release|Any CPU
		{321A4AB7-D8CC-48EB-880D-CE0E2980844A}.Release|Any CPU.Build.0 = Release|Any CPU
	EndGlobalSection
	GlobalSection(SolutionProperties) = preSolution
		HideSolutionNode = FALSE
	EndGlobalSection
	GlobalSection(ExtensibilityGlobals) = postSolution
		SolutionGuid = {367AE668-C1FB-4291-9369-EE4906BF4CD6}
	EndGlobalSection
EndGlobal
