
Microsoft Visual Studio Solution File, Format Version 12.00
# Visual Studio Version 17
VisualStudioVersion = 17.14.36518.9 d17.14
MinimumVisualStudioVersion = 10.0.40219.1
Project("{FAE04EC0-301F-11D3-BF4B-00C04F79EFBC}") = "metabackend", "metabackend.csproj", "{36E2B472-E10E-48AF-AD75-0127F7C7FD2D}"
EndProject
Project("{FAE04EC0-301F-11D3-BF4B-00C04F79EFBC}") = "BuisnessLogic", "..\BuisnessLogic\BuisnessLogic.csproj", "{5E88E456-0660-50D6-7B4F-779BBC1EBE8E}"
EndProject
Project("{FAE04EC0-301F-11D3-BF4B-00C04F79EFBC}") = "Data", "..\Data\Data.csproj", "{F1715270-A4E7-D501-3F6B-92FF1C08C4D7}"
EndProject
Global
	GlobalSection(SolutionConfigurationPlatforms) = preSolution
		Debug|Any CPU = Debug|Any CPU
		Release|Any CPU = Release|Any CPU
	EndGlobalSection
	GlobalSection(ProjectConfigurationPlatforms) = postSolution
		{36E2B472-E10E-48AF-AD75-0127F7C7FD2D}.Debug|Any CPU.ActiveCfg = Debug|Any CPU
		{36E2B472-E10E-48AF-AD75-0127F7C7FD2D}.Debug|Any CPU.Build.0 = Debug|Any CPU
		{36E2B472-E10E-48AF-AD75-0127F7C7FD2D}.Release|Any CPU.ActiveCfg = Release|Any CPU
		{36E2B472-E10E-48AF-AD75-0127F7C7FD2D}.Release|Any CPU.Build.0 = Release|Any CPU
		{5E88E456-0660-50D6-7B4F-779BBC1EBE8E}.Debug|Any CPU.ActiveCfg = Debug|Any CPU
		{5E88E456-0660-50D6-7B4F-779BBC1EBE8E}.Debug|Any CPU.Build.0 = Debug|Any CPU
		{5E88E456-0660-50D6-7B4F-779BBC1EBE8E}.Release|Any CPU.ActiveCfg = Release|Any CPU
		{5E88E456-0660-50D6-7B4F-779BBC1EBE8E}.Release|Any CPU.Build.0 = Release|Any CPU
		{F1715270-A4E7-D501-3F6B-92FF1C08C4D7}.Debug|Any CPU.ActiveCfg = Debug|Any CPU
		{F1715270-A4E7-D501-3F6B-92FF1C08C4D7}.Debug|Any CPU.Build.0 = Debug|Any CPU
		{F1715270-A4E7-D501-3F6B-92FF1C08C4D7}.Release|Any CPU.ActiveCfg = Release|Any CPU
		{F1715270-A4E7-D501-3F6B-92FF1C08C4D7}.Release|Any CPU.Build.0 = Release|Any CPU
	EndGlobalSection
	GlobalSection(SolutionProperties) = preSolution
		HideSolutionNode = FALSE
	EndGlobalSection
	GlobalSection(ExtensibilityGlobals) = postSolution
		SolutionGuid = {367AE668-C1FB-4291-9369-EE4906BF4CD6}
	EndGlobalSection
EndGlobal
